
Microsoft Visual Studio Solution File, Format Version 12.00
# Visual Studio Version 17
VisualStudioVersion = 17.4.33213.308
MinimumVisualStudioVersion = 10.0.40219.1
Project("{FAE04EC0-301F-11D3-BF4B-00C04F79EFBC}") = "hesapmakinasi", "hesapmakinasi\hesapmakinasi.csproj", "{78D71B1B-7322-4EBA-A754-774D6B844C31}"
EndProject
Global
	GlobalSection(SolutionConfigurationPlatforms) = preSolution
		Debug|Any CPU = Debug|Any CPU
		Release|Any CPU = Release|Any CPU
	EndGlobalSection
	GlobalSection(ProjectConfigurationPlatforms) = postSolution
		{78D71B1B-7322-4EBA-A754-774D6B844C31}.Debug|Any CPU.ActiveCfg = Debug|Any CPU
		{78D71B1B-7322-4EBA-A754-774D6B844C31}.Debug|Any CPU.Build.0 = Debug|Any CPU
		{78D71B1B-7322-4EBA-A754-774D6B844C31}.Release|Any CPU.ActiveCfg = Release|Any CPU
		{78D71B1B-7322-4EBA-A754-774D6B844C31}.Release|Any CPU.Build.0 = Release|Any CPU
	EndGlobalSection
	GlobalSection(SolutionProperties) = preSolution
		HideSolutionNode = FALSE
	EndGlobalSection
	GlobalSection(ExtensibilityGlobals) = postSolution
		SolutionGuid = {8A80F989-6124-40AC-9B48-99F3A74EDA86}
	EndGlobalSection
EndGlobal
